
Microsoft Visual Studio Solution File, Format Version 12.00
# Visual Studio Version 17
VisualStudioVersion = 17.12.35527.113 d17.12
MinimumVisualStudioVersion = 10.0.40219.1
Project("{FAE04EC0-301F-11D3-BF4B-00C04F79EFBC}") = "MatriculaDeAluno", "MatriculaDeAluno\MatriculaDeAluno.csproj", "{1791C735-52C3-489A-B03F-50288E412101}"
EndProject
Project("{FAE04EC0-301F-11D3-BF4B-00C04F79EFBC}") = "MatriculaDeAlunoV2", "MatriculaDeAlunoV2\MatriculaDeAlunoV2.csproj", "{235230AB-7372-4CDE-9F3A-93CD54DC91DA}"
EndProject
Project("{FAE04EC0-301F-11D3-BF4B-00C04F79EFBC}") = "CalculoPesoIdeal", "CalculoPesoIdeal\CalculoPesoIdeal.csproj", "{0775D4B7-43B8-4CB3-A997-43ECDFAF3559}"
EndProject
Project("{FAE04EC0-301F-11D3-BF4B-00C04F79EFBC}") = "CalculoDeSalario", "CalculoDeSalario\CalculoDeSalario.csproj", "{4E149FE7-5CA1-4348-B80C-9EB7E6E5B3F0}"
EndProject
Global
	GlobalSection(SolutionConfigurationPlatforms) = preSolution
		Debug|Any CPU = Debug|Any CPU
		Release|Any CPU = Release|Any CPU
	EndGlobalSection
	GlobalSection(ProjectConfigurationPlatforms) = postSolution
		{1791C735-52C3-489A-B03F-50288E412101}.Debug|Any CPU.ActiveCfg = Debug|Any CPU
		{1791C735-52C3-489A-B03F-50288E412101}.Debug|Any CPU.Build.0 = Debug|Any CPU
		{1791C735-52C3-489A-B03F-50288E412101}.Release|Any CPU.ActiveCfg = Release|Any CPU
		{1791C735-52C3-489A-B03F-50288E412101}.Release|Any CPU.Build.0 = Release|Any CPU
		{235230AB-7372-4CDE-9F3A-93CD54DC91DA}.Debug|Any CPU.ActiveCfg = Debug|Any CPU
		{235230AB-7372-4CDE-9F3A-93CD54DC91DA}.Debug|Any CPU.Build.0 = Debug|Any CPU
		{235230AB-7372-4CDE-9F3A-93CD54DC91DA}.Release|Any CPU.ActiveCfg = Release|Any CPU
		{235230AB-7372-4CDE-9F3A-93CD54DC91DA}.Release|Any CPU.Build.0 = Release|Any CPU
		{0775D4B7-43B8-4CB3-A997-43ECDFAF3559}.Debug|Any CPU.ActiveCfg = Debug|Any CPU
		{0775D4B7-43B8-4CB3-A997-43ECDFAF3559}.Debug|Any CPU.Build.0 = Debug|Any CPU
		{0775D4B7-43B8-4CB3-A997-43ECDFAF3559}.Release|Any CPU.ActiveCfg = Release|Any CPU
		{0775D4B7-43B8-4CB3-A997-43ECDFAF3559}.Release|Any CPU.Build.0 = Release|Any CPU
		{4E149FE7-5CA1-4348-B80C-9EB7E6E5B3F0}.Debug|Any CPU.ActiveCfg = Debug|Any CPU
		{4E149FE7-5CA1-4348-B80C-9EB7E6E5B3F0}.Debug|Any CPU.Build.0 = Debug|Any CPU
		{4E149FE7-5CA1-4348-B80C-9EB7E6E5B3F0}.Release|Any CPU.ActiveCfg = Release|Any CPU
		{4E149FE7-5CA1-4348-B80C-9EB7E6E5B3F0}.Release|Any CPU.Build.0 = Release|Any CPU
	EndGlobalSection
	GlobalSection(SolutionProperties) = preSolution
		HideSolutionNode = FALSE
	EndGlobalSection
EndGlobal
